
Microsoft Visual Studio Solution File, Format Version 12.00
# Visual Studio Version 16
VisualStudioVersion = 16.0.30104.148
MinimumVisualStudioVersion = 10.0.40219.1
Project("{FAE04EC0-301F-11D3-BF4B-00C04F79EFBC}") = "Presentacion", "FerreWeb\Presentacion.csproj", "{64642712-8542-4C0E-B7D7-655F8DA6A490}"
EndProject
Project("{9A19103F-16F7-4668-BE54-9A1E7A4F7556}") = "Entidades", "Entidades\Entidades.csproj", "{03BB5655-6726-405A-AD6F-4309C1F89442}"
EndProject
Project("{FAE04EC0-301F-11D3-BF4B-00C04F79EFBC}") = "AccesoDatos", "AccesoDatos\AccesoDatos\AccesoDatos.csproj", "{16DDA6CF-94CB-4D3E-B81A-A49B8992EF4D}"
EndProject
Project("{FAE04EC0-301F-11D3-BF4B-00C04F79EFBC}") = "Testing", "Testing\Testing.csproj", "{CB1A8BDE-FDD9-43AA-BEE2-5DCFC03694B8}"
EndProject
Project("{FAE04EC0-301F-11D3-BF4B-00C04F79EFBC}") = "Negocio", "Negocio\Negocio.csproj", "{78854354-28A6-4A00-B4E7-24FF54E9D7A8}"
EndProject
Global
	GlobalSection(SolutionConfigurationPlatforms) = preSolution
		Debug|Any CPU = Debug|Any CPU
		Release|Any CPU = Release|Any CPU
	EndGlobalSection
	GlobalSection(ProjectConfigurationPlatforms) = postSolution
		{64642712-8542-4C0E-B7D7-655F8DA6A490}.Debug|Any CPU.ActiveCfg = Debug|Any CPU
		{64642712-8542-4C0E-B7D7-655F8DA6A490}.Debug|Any CPU.Build.0 = Debug|Any CPU
		{64642712-8542-4C0E-B7D7-655F8DA6A490}.Release|Any CPU.ActiveCfg = Release|Any CPU
		{64642712-8542-4C0E-B7D7-655F8DA6A490}.Release|Any CPU.Build.0 = Release|Any CPU
		{03BB5655-6726-405A-AD6F-4309C1F89442}.Debug|Any CPU.ActiveCfg = Debug|Any CPU
		{03BB5655-6726-405A-AD6F-4309C1F89442}.Debug|Any CPU.Build.0 = Debug|Any CPU
		{03BB5655-6726-405A-AD6F-4309C1F89442}.Release|Any CPU.ActiveCfg = Release|Any CPU
		{03BB5655-6726-405A-AD6F-4309C1F89442}.Release|Any CPU.Build.0 = Release|Any CPU
		{16DDA6CF-94CB-4D3E-B81A-A49B8992EF4D}.Debug|Any CPU.ActiveCfg = Debug|Any CPU
		{16DDA6CF-94CB-4D3E-B81A-A49B8992EF4D}.Debug|Any CPU.Build.0 = Debug|Any CPU
		{16DDA6CF-94CB-4D3E-B81A-A49B8992EF4D}.Release|Any CPU.ActiveCfg = Release|Any CPU
		{16DDA6CF-94CB-4D3E-B81A-A49B8992EF4D}.Release|Any CPU.Build.0 = Release|Any CPU
		{CB1A8BDE-FDD9-43AA-BEE2-5DCFC03694B8}.Debug|Any CPU.ActiveCfg = Debug|Any CPU
		{CB1A8BDE-FDD9-43AA-BEE2-5DCFC03694B8}.Debug|Any CPU.Build.0 = Debug|Any CPU
		{CB1A8BDE-FDD9-43AA-BEE2-5DCFC03694B8}.Release|Any CPU.ActiveCfg = Release|Any CPU
		{CB1A8BDE-FDD9-43AA-BEE2-5DCFC03694B8}.Release|Any CPU.Build.0 = Release|Any CPU
		{78854354-28A6-4A00-B4E7-24FF54E9D7A8}.Debug|Any CPU.ActiveCfg = Debug|Any CPU
		{78854354-28A6-4A00-B4E7-24FF54E9D7A8}.Debug|Any CPU.Build.0 = Debug|Any CPU
		{78854354-28A6-4A00-B4E7-24FF54E9D7A8}.Release|Any CPU.ActiveCfg = Release|Any CPU
		{78854354-28A6-4A00-B4E7-24FF54E9D7A8}.Release|Any CPU.Build.0 = Release|Any CPU
	EndGlobalSection
	GlobalSection(SolutionProperties) = preSolution
		HideSolutionNode = FALSE
	EndGlobalSection
	GlobalSection(ExtensibilityGlobals) = postSolution
		SolutionGuid = {4F10B9E4-DFF6-4DB0-9B37-AD858D7B0F62}
	EndGlobalSection
EndGlobal
